
Microsoft Visual Studio Solution File, Format Version 12.00
# Visual Studio 15
Project("{FAE04EC0-301F-11D3-BF4B-00C04F79EFBC}") = "UnityEngine.TestRunner", "UnityEngine.TestRunner.csproj", "{5CFB1B58-0C41-ED45-FCE3-8EA9F12C5A30}"
EndProject
Project("{FAE04EC0-301F-11D3-BF4B-00C04F79EFBC}") = "Unity.Mathematics", "Unity.Mathematics.csproj", "{156B1333-A95D-F3E1-45AB-B679A079EBD1}"
EndProject
Project("{FAE04EC0-301F-11D3-BF4B-00C04F79EFBC}") = "Unity.2D.Animation.Triangle.Runtime", "Unity.2D.Animation.Triangle.Runtime.csproj", "{2A02F650-E8F8-C6EC-C6B0-0661D9E6B22D}"
EndProject
Project("{FAE04EC0-301F-11D3-BF4B-00C04F79EFBC}") = "Unity.Timeline", "Unity.Timeline.csproj", "{80BAB1AC-A906-F2C0-EA28-BAF636729854}"
EndProject
Project("{FAE04EC0-301F-11D3-BF4B-00C04F79EFBC}") = "UnityEngine.UI", "UnityEngine.UI.csproj", "{0DCA30A7-CC24-71F8-D8E8-9781F7424CAE}"
EndProject
Project("{FAE04EC0-301F-11D3-BF4B-00C04F79EFBC}") = "Unity.TextMeshPro", "Unity.TextMeshPro.csproj", "{8357AF12-A6FC-78E6-774B-D2A76945A48E}"
EndProject
Project("{FAE04EC0-301F-11D3-BF4B-00C04F79EFBC}") = "Unity.2D.Animation.Runtime", "Unity.2D.Animation.Runtime.csproj", "{D96CAB7D-B285-4F83-4559-D7CBC3BA19BA}"
EndProject
Project("{FAE04EC0-301F-11D3-BF4B-00C04F79EFBC}") = "Unity.2D.IK.Runtime", "Unity.2D.IK.Runtime.csproj", "{445EAF29-1D77-7395-95A2-611B8D275266}"
EndProject
Project("{FAE04EC0-301F-11D3-BF4B-00C04F79EFBC}") = "Unity.2D.SpriteShape.Runtime", "Unity.2D.SpriteShape.Runtime.csproj", "{0EC72319-6971-0D3F-A5C9-3926472D0BDC}"
EndProject
Project("{FAE04EC0-301F-11D3-BF4B-00C04F79EFBC}") = "Unity.2D.PixelPerfect", "Unity.2D.PixelPerfect.csproj", "{6DA6180F-DD77-6FF3-B1E9-938E81D809A0}"
EndProject
Project("{FAE04EC0-301F-11D3-BF4B-00C04F79EFBC}") = "Unity.2D.Common.Runtime", "Unity.2D.Common.Runtime.csproj", "{BA857B34-DC7D-E0B7-32B0-EA11684D1C86}"
EndProject
Project("{FAE04EC0-301F-11D3-BF4B-00C04F79EFBC}") = "Unity.InternalAPIEngineBridge.001", "Unity.InternalAPIEngineBridge.001.csproj", "{7243EB1A-3472-3B52-0168-67E11687A368}"
EndProject
Project("{FAE04EC0-301F-11D3-BF4B-00C04F79EFBC}") = "Assembly-CSharp", "Assembly-CSharp.csproj", "{17C396A8-0BE4-54E9-3A0E-9C13C772F210}"
EndProject
Project("{FAE04EC0-301F-11D3-BF4B-00C04F79EFBC}") = "UnityEditor.TestRunner", "UnityEditor.TestRunner.csproj", "{F318224B-EF0E-3410-9369-49D3AAD603D4}"
EndProject
Project("{FAE04EC0-301F-11D3-BF4B-00C04F79EFBC}") = "Unity.PlasticSCM.Editor", "Unity.PlasticSCM.Editor.csproj", "{26A087A8-CB6C-4413-5503-F9FF25A42B72}"
EndProject
Project("{FAE04EC0-301F-11D3-BF4B-00C04F79EFBC}") = "UnityEditor.UI", "UnityEditor.UI.csproj", "{E18700C9-FCFA-6D3A-3D2E-7B9104BFBE0B}"
EndProject
Project("{FAE04EC0-301F-11D3-BF4B-00C04F79EFBC}") = "Unity.Timeline.Editor", "Unity.Timeline.Editor.csproj", "{0EF2992E-289E-0B04-DE35-1140B1F314D8}"
EndProject
Project("{FAE04EC0-301F-11D3-BF4B-00C04F79EFBC}") = "Unity.VisualStudio.Editor", "Unity.VisualStudio.Editor.csproj", "{783CE9D5-A71E-F268-8185-0895C4E46692}"
EndProject
Project("{FAE04EC0-301F-11D3-BF4B-00C04F79EFBC}") = "Unity.2D.Psdimporter.Editor", "Unity.2D.Psdimporter.Editor.csproj", "{96B1E165-F457-162E-3085-3C8FA04FAB4A}"
EndProject
Project("{FAE04EC0-301F-11D3-BF4B-00C04F79EFBC}") = "Unity.2D.Animation.Editor", "Unity.2D.Animation.Editor.csproj", "{31D3484B-CABF-8C54-238D-8EBB4A57FEA9}"
EndProject
Project("{FAE04EC0-301F-11D3-BF4B-00C04F79EFBC}") = "Unity.TextMeshPro.Editor", "Unity.TextMeshPro.Editor.csproj", "{5657BAA5-85DE-CA69-D412-A76629B55216}"
EndProject
Project("{FAE04EC0-301F-11D3-BF4B-00C04F79EFBC}") = "Unity.2D.SpriteShape.Editor", "Unity.2D.SpriteShape.Editor.csproj", "{A9A1D9EA-7FF4-E810-C974-9D1067D3A1D8}"
EndProject
Project("{FAE04EC0-301F-11D3-BF4B-00C04F79EFBC}") = "Unity.CollabProxy.Editor", "Unity.CollabProxy.Editor.csproj", "{6CD521B7-F4B9-014F-642F-166FBA4251FE}"
EndProject
Project("{FAE04EC0-301F-11D3-BF4B-00C04F79EFBC}") = "PsdPlugin", "PsdPlugin.csproj", "{EC82E0D5-160F-A84D-3F37-3A11570461C1}"
EndProject
Project("{FAE04EC0-301F-11D3-BF4B-00C04F79EFBC}") = "Unity.2D.Path.Editor", "Unity.2D.Path.Editor.csproj", "{3EBE3DBA-4978-83D4-F250-436D6D227249}"
EndProject
Project("{FAE04EC0-301F-11D3-BF4B-00C04F79EFBC}") = "Unity.Rider.Editor", "Unity.Rider.Editor.csproj", "{B0619B50-CF8C-EC19-8896-A3EC769D5711}"
EndProject
Project("{FAE04EC0-301F-11D3-BF4B-00C04F79EFBC}") = "Unity.2D.IK.Editor", "Unity.2D.IK.Editor.csproj", "{A684A038-A3E6-9A03-F423-D354692B4E7E}"
EndProject
Project("{FAE04EC0-301F-11D3-BF4B-00C04F79EFBC}") = "Unity.2D.Sprite.Editor", "Unity.2D.Sprite.Editor.csproj", "{106ECC02-2E92-A981-281A-AED6680C5AD5}"
EndProject
Project("{FAE04EC0-301F-11D3-BF4B-00C04F79EFBC}") = "Unity.2D.Tilemap.Editor", "Unity.2D.Tilemap.Editor.csproj", "{F35E3DE0-AD62-6A57-3BB9-50E915957867}"
EndProject
Project("{FAE04EC0-301F-11D3-BF4B-00C04F79EFBC}") = "Unity.2D.PixelPerfect.Editor", "Unity.2D.PixelPerfect.Editor.csproj", "{7FA36560-5D05-4CE9-9730-AEDF8FA1ECDC}"
EndProject
Project("{FAE04EC0-301F-11D3-BF4B-00C04F79EFBC}") = "Unity.VSCode.Editor", "Unity.VSCode.Editor.csproj", "{2A632B7A-2148-434F-928A-9CEA54A239AB}"
EndProject
Project("{FAE04EC0-301F-11D3-BF4B-00C04F79EFBC}") = "Unity.2D.Common.Editor", "Unity.2D.Common.Editor.csproj", "{32C1590C-B6C6-1178-0378-07CA91C0B61E}"
EndProject
Project("{FAE04EC0-301F-11D3-BF4B-00C04F79EFBC}") = "Unity.Mathematics.Editor", "Unity.Mathematics.Editor.csproj", "{A71367DE-7044-4F06-D136-96A15F35297B}"
EndProject
Project("{FAE04EC0-301F-11D3-BF4B-00C04F79EFBC}") = "Unity.InternalAPIEditorBridge.001", "Unity.InternalAPIEditorBridge.001.csproj", "{ACCC9FE6-D591-4DC4-1223-69B48B80D977}"
EndProject
Project("{FAE04EC0-301F-11D3-BF4B-00C04F79EFBC}") = "UnityEngine.TestRunner", "UnityEngine.TestRunner.Player.csproj", "{0F60753D-3849-29F8-6063-B7E5ADE4395C}"
EndProject
Project("{FAE04EC0-301F-11D3-BF4B-00C04F79EFBC}") = "Unity.Mathematics", "Unity.Mathematics.Player.csproj", "{88D8A13D-DC98-E81F-B325-BC4A7509EC47}"
EndProject
Project("{FAE04EC0-301F-11D3-BF4B-00C04F79EFBC}") = "Unity.2D.Animation.Triangle.Runtime", "Unity.2D.Animation.Triangle.Runtime.Player.csproj", "{189284EF-05DE-ED39-4382-62FF1A094ED5}"
EndProject
Project("{FAE04EC0-301F-11D3-BF4B-00C04F79EFBC}") = "Unity.Timeline", "Unity.Timeline.Player.csproj", "{6D9D66BA-2598-B50D-5581-8C00FA6DC307}"
EndProject
Project("{FAE04EC0-301F-11D3-BF4B-00C04F79EFBC}") = "UnityEngine.UI", "UnityEngine.UI.Player.csproj", "{5DB0AEBD-74F5-9A6B-433F-3D4F30BE6728}"
EndProject
Project("{FAE04EC0-301F-11D3-BF4B-00C04F79EFBC}") = "Unity.TextMeshPro", "Unity.TextMeshPro.Player.csproj", "{A4B106C8-745C-A0A9-26AB-BB6100602BD4}"
EndProject
Project("{FAE04EC0-301F-11D3-BF4B-00C04F79EFBC}") = "Unity.2D.Animation.Runtime", "Unity.2D.Animation.Runtime.Player.csproj", "{9B643F75-ECA4-DE34-7FB5-56EABED07F69}"
EndProject
Project("{FAE04EC0-301F-11D3-BF4B-00C04F79EFBC}") = "Unity.2D.IK.Runtime", "Unity.2D.IK.Runtime.Player.csproj", "{57F3D77F-1E7A-CC8E-140D-BE10D4C58842}"
EndProject
Project("{FAE04EC0-301F-11D3-BF4B-00C04F79EFBC}") = "Unity.2D.SpriteShape.Runtime", "Unity.2D.SpriteShape.Runtime.Player.csproj", "{BA647C57-3FFC-8DE6-73D9-71053E3AC84F}"
EndProject
Project("{FAE04EC0-301F-11D3-BF4B-00C04F79EFBC}") = "Unity.2D.PixelPerfect", "Unity.2D.PixelPerfect.Player.csproj", "{3E3C73C5-1EFA-F7F9-ADDA-5F829120A122}"
EndProject
Project("{FAE04EC0-301F-11D3-BF4B-00C04F79EFBC}") = "Unity.2D.Common.Runtime", "Unity.2D.Common.Runtime.Player.csproj", "{8D53ABBB-35EB-2B3E-29F4-BB62472C489F}"
EndProject
Project("{FAE04EC0-301F-11D3-BF4B-00C04F79EFBC}") = "Unity.InternalAPIEngineBridge.001", "Unity.InternalAPIEngineBridge.001.Player.csproj", "{12E1D279-96D8-0281-8D0E-150B960D229C}"
EndProject
Project("{FAE04EC0-301F-11D3-BF4B-00C04F79EFBC}") = "Assembly-CSharp", "Assembly-CSharp.Player.csproj", "{C05F1AF8-B4AA-BF73-51F9-20094FEE0F32}"
EndProject
Global
	GlobalSection(SolutionConfigurationPlatforms) = preSolution
		Debug|Any CPU = Debug|Any CPU
		Release|Any CPU = Release|Any CPU
	EndGlobalSection
	GlobalSection(ProjectConfigurationPlatforms) = postSolution
		{5CFB1B58-0C41-ED45-FCE3-8EA9F12C5A30}.Debug|Any CPU.ActiveCfg = Debug|Any CPU
		{5CFB1B58-0C41-ED45-FCE3-8EA9F12C5A30}.Debug|Any CPU.Build.0 = Debug|Any CPU
		{5CFB1B58-0C41-ED45-FCE3-8EA9F12C5A30}.Release|Any CPU.ActiveCfg = Release|Any CPU
		{5CFB1B58-0C41-ED45-FCE3-8EA9F12C5A30}.Release|Any CPU.Build.0 = Release|Any CPU
		{156B1333-A95D-F3E1-45AB-B679A079EBD1}.Debug|Any CPU.ActiveCfg = Debug|Any CPU
		{156B1333-A95D-F3E1-45AB-B679A079EBD1}.Debug|Any CPU.Build.0 = Debug|Any CPU
		{156B1333-A95D-F3E1-45AB-B679A079EBD1}.Release|Any CPU.ActiveCfg = Release|Any CPU
		{156B1333-A95D-F3E1-45AB-B679A079EBD1}.Release|Any CPU.Build.0 = Release|Any CPU
		{2A02F650-E8F8-C6EC-C6B0-0661D9E6B22D}.Debug|Any CPU.ActiveCfg = Debug|Any CPU
		{2A02F650-E8F8-C6EC-C6B0-0661D9E6B22D}.Debug|Any CPU.Build.0 = Debug|Any CPU
		{2A02F650-E8F8-C6EC-C6B0-0661D9E6B22D}.Release|Any CPU.ActiveCfg = Release|Any CPU
		{2A02F650-E8F8-C6EC-C6B0-0661D9E6B22D}.Release|Any CPU.Build.0 = Release|Any CPU
		{80BAB1AC-A906-F2C0-EA28-BAF636729854}.Debug|Any CPU.ActiveCfg = Debug|Any CPU
		{80BAB1AC-A906-F2C0-EA28-BAF636729854}.Debug|Any CPU.Build.0 = Debug|Any CPU
		{80BAB1AC-A906-F2C0-EA28-BAF636729854}.Release|Any CPU.ActiveCfg = Release|Any CPU
		{80BAB1AC-A906-F2C0-EA28-BAF636729854}.Release|Any CPU.Build.0 = Release|Any CPU
		{0DCA30A7-CC24-71F8-D8E8-9781F7424CAE}.Debug|Any CPU.ActiveCfg = Debug|Any CPU
		{0DCA30A7-CC24-71F8-D8E8-9781F7424CAE}.Debug|Any CPU.Build.0 = Debug|Any CPU
		{0DCA30A7-CC24-71F8-D8E8-9781F7424CAE}.Release|Any CPU.ActiveCfg = Release|Any CPU
		{0DCA30A7-CC24-71F8-D8E8-9781F7424CAE}.Release|Any CPU.Build.0 = Release|Any CPU
		{8357AF12-A6FC-78E6-774B-D2A76945A48E}.Debug|Any CPU.ActiveCfg = Debug|Any CPU
		{8357AF12-A6FC-78E6-774B-D2A76945A48E}.Debug|Any CPU.Build.0 = Debug|Any CPU
		{8357AF12-A6FC-78E6-774B-D2A76945A48E}.Release|Any CPU.ActiveCfg = Release|Any CPU
		{8357AF12-A6FC-78E6-774B-D2A76945A48E}.Release|Any CPU.Build.0 = Release|Any CPU
		{D96CAB7D-B285-4F83-4559-D7CBC3BA19BA}.Debug|Any CPU.ActiveCfg = Debug|Any CPU
		{D96CAB7D-B285-4F83-4559-D7CBC3BA19BA}.Debug|Any CPU.Build.0 = Debug|Any CPU
		{D96CAB7D-B285-4F83-4559-D7CBC3BA19BA}.Release|Any CPU.ActiveCfg = Release|Any CPU
		{D96CAB7D-B285-4F83-4559-D7CBC3BA19BA}.Release|Any CPU.Build.0 = Release|Any CPU
		{445EAF29-1D77-7395-95A2-611B8D275266}.Debug|Any CPU.ActiveCfg = Debug|Any CPU
		{445EAF29-1D77-7395-95A2-611B8D275266}.Debug|Any CPU.Build.0 = Debug|Any CPU
		{445EAF29-1D77-7395-95A2-611B8D275266}.Release|Any CPU.ActiveCfg = Release|Any CPU
		{445EAF29-1D77-7395-95A2-611B8D275266}.Release|Any CPU.Build.0 = Release|Any CPU
		{0EC72319-6971-0D3F-A5C9-3926472D0BDC}.Debug|Any CPU.ActiveCfg = Debug|Any CPU
		{0EC72319-6971-0D3F-A5C9-3926472D0BDC}.Debug|Any CPU.Build.0 = Debug|Any CPU
		{0EC72319-6971-0D3F-A5C9-3926472D0BDC}.Release|Any CPU.ActiveCfg = Release|Any CPU
		{0EC72319-6971-0D3F-A5C9-3926472D0BDC}.Release|Any CPU.Build.0 = Release|Any CPU
		{6DA6180F-DD77-6FF3-B1E9-938E81D809A0}.Debug|Any CPU.ActiveCfg = Debug|Any CPU
		{6DA6180F-DD77-6FF3-B1E9-938E81D809A0}.Debug|Any CPU.Build.0 = Debug|Any CPU
		{6DA6180F-DD77-6FF3-B1E9-938E81D809A0}.Release|Any CPU.ActiveCfg = Release|Any CPU
		{6DA6180F-DD77-6FF3-B1E9-938E81D809A0}.Release|Any CPU.Build.0 = Release|Any CPU
		{BA857B34-DC7D-E0B7-32B0-EA11684D1C86}.Debug|Any CPU.ActiveCfg = Debug|Any CPU
		{BA857B34-DC7D-E0B7-32B0-EA11684D1C86}.Debug|Any CPU.Build.0 = Debug|Any CPU
		{BA857B34-DC7D-E0B7-32B0-EA11684D1C86}.Release|Any CPU.ActiveCfg = Release|Any CPU
		{BA857B34-DC7D-E0B7-32B0-EA11684D1C86}.Release|Any CPU.Build.0 = Release|Any CPU
		{7243EB1A-3472-3B52-0168-67E11687A368}.Debug|Any CPU.ActiveCfg = Debug|Any CPU
		{7243EB1A-3472-3B52-0168-67E11687A368}.Debug|Any CPU.Build.0 = Debug|Any CPU
		{7243EB1A-3472-3B52-0168-67E11687A368}.Release|Any CPU.ActiveCfg = Release|Any CPU
		{7243EB1A-3472-3B52-0168-67E11687A368}.Release|Any CPU.Build.0 = Release|Any CPU
		{17C396A8-0BE4-54E9-3A0E-9C13C772F210}.Debug|Any CPU.ActiveCfg = Debug|Any CPU
		{17C396A8-0BE4-54E9-3A0E-9C13C772F210}.Debug|Any CPU.Build.0 = Debug|Any CPU
		{17C396A8-0BE4-54E9-3A0E-9C13C772F210}.Release|Any CPU.ActiveCfg = Release|Any CPU
		{17C396A8-0BE4-54E9-3A0E-9C13C772F210}.Release|Any CPU.Build.0 = Release|Any CPU
		{F318224B-EF0E-3410-9369-49D3AAD603D4}.Debug|Any CPU.ActiveCfg = Debug|Any CPU
		{F318224B-EF0E-3410-9369-49D3AAD603D4}.Debug|Any CPU.Build.0 = Debug|Any CPU
		{F318224B-EF0E-3410-9369-49D3AAD603D4}.Release|Any CPU.ActiveCfg = Release|Any CPU
		{F318224B-EF0E-3410-9369-49D3AAD603D4}.Release|Any CPU.Build.0 = Release|Any CPU
		{26A087A8-CB6C-4413-5503-F9FF25A42B72}.Debug|Any CPU.ActiveCfg = Debug|Any CPU
		{26A087A8-CB6C-4413-5503-F9FF25A42B72}.Debug|Any CPU.Build.0 = Debug|Any CPU
		{26A087A8-CB6C-4413-5503-F9FF25A42B72}.Release|Any CPU.ActiveCfg = Release|Any CPU
		{26A087A8-CB6C-4413-5503-F9FF25A42B72}.Release|Any CPU.Build.0 = Release|Any CPU
		{E18700C9-FCFA-6D3A-3D2E-7B9104BFBE0B}.Debug|Any CPU.ActiveCfg = Debug|Any CPU
		{E18700C9-FCFA-6D3A-3D2E-7B9104BFBE0B}.Debug|Any CPU.Build.0 = Debug|Any CPU
		{E18700C9-FCFA-6D3A-3D2E-7B9104BFBE0B}.Release|Any CPU.ActiveCfg = Release|Any CPU
		{E18700C9-FCFA-6D3A-3D2E-7B9104BFBE0B}.Release|Any CPU.Build.0 = Release|Any CPU
		{0EF2992E-289E-0B04-DE35-1140B1F314D8}.Debug|Any CPU.ActiveCfg = Debug|Any CPU
		{0EF2992E-289E-0B04-DE35-1140B1F314D8}.Debug|Any CPU.Build.0 = Debug|Any CPU
		{0EF2992E-289E-0B04-DE35-1140B1F314D8}.Release|Any CPU.ActiveCfg = Release|Any CPU
		{0EF2992E-289E-0B04-DE35-1140B1F314D8}.Release|Any CPU.Build.0 = Release|Any CPU
		{783CE9D5-A71E-F268-8185-0895C4E46692}.Debug|Any CPU.ActiveCfg = Debug|Any CPU
		{783CE9D5-A71E-F268-8185-0895C4E46692}.Debug|Any CPU.Build.0 = Debug|Any CPU
		{783CE9D5-A71E-F268-8185-0895C4E46692}.Release|Any CPU.ActiveCfg = Release|Any CPU
		{783CE9D5-A71E-F268-8185-0895C4E46692}.Release|Any CPU.Build.0 = Release|Any CPU
		{96B1E165-F457-162E-3085-3C8FA04FAB4A}.Debug|Any CPU.ActiveCfg = Debug|Any CPU
		{96B1E165-F457-162E-3085-3C8FA04FAB4A}.Debug|Any CPU.Build.0 = Debug|Any CPU
		{96B1E165-F457-162E-3085-3C8FA04FAB4A}.Release|Any CPU.ActiveCfg = Release|Any CPU
		{96B1E165-F457-162E-3085-3C8FA04FAB4A}.Release|Any CPU.Build.0 = Release|Any CPU
		{31D3484B-CABF-8C54-238D-8EBB4A57FEA9}.Debug|Any CPU.ActiveCfg = Debug|Any CPU
		{31D3484B-CABF-8C54-238D-8EBB4A57FEA9}.Debug|Any CPU.Build.0 = Debug|Any CPU
		{31D3484B-CABF-8C54-238D-8EBB4A57FEA9}.Release|Any CPU.ActiveCfg = Release|Any CPU
		{31D3484B-CABF-8C54-238D-8EBB4A57FEA9}.Release|Any CPU.Build.0 = Release|Any CPU
		{5657BAA5-85DE-CA69-D412-A76629B55216}.Debug|Any CPU.ActiveCfg = Debug|Any CPU
		{5657BAA5-85DE-CA69-D412-A76629B55216}.Debug|Any CPU.Build.0 = Debug|Any CPU
		{5657BAA5-85DE-CA69-D412-A76629B55216}.Release|Any CPU.ActiveCfg = Release|Any CPU
		{5657BAA5-85DE-CA69-D412-A76629B55216}.Release|Any CPU.Build.0 = Release|Any CPU
		{A9A1D9EA-7FF4-E810-C974-9D1067D3A1D8}.Debug|Any CPU.ActiveCfg = Debug|Any CPU
		{A9A1D9EA-7FF4-E810-C974-9D1067D3A1D8}.Debug|Any CPU.Build.0 = Debug|Any CPU
		{A9A1D9EA-7FF4-E810-C974-9D1067D3A1D8}.Release|Any CPU.ActiveCfg = Release|Any CPU
		{A9A1D9EA-7FF4-E810-C974-9D1067D3A1D8}.Release|Any CPU.Build.0 = Release|Any CPU
		{6CD521B7-F4B9-014F-642F-166FBA4251FE}.Debug|Any CPU.ActiveCfg = Debug|Any CPU
		{6CD521B7-F4B9-014F-642F-166FBA4251FE}.Debug|Any CPU.Build.0 = Debug|Any CPU
		{6CD521B7-F4B9-014F-642F-166FBA4251FE}.Release|Any CPU.ActiveCfg = Release|Any CPU
		{6CD521B7-F4B9-014F-642F-166FBA4251FE}.Release|Any CPU.Build.0 = Release|Any CPU
		{EC82E0D5-160F-A84D-3F37-3A11570461C1}.Debug|Any CPU.ActiveCfg = Debug|Any CPU
		{EC82E0D5-160F-A84D-3F37-3A11570461C1}.Debug|Any CPU.Build.0 = Debug|Any CPU
		{EC82E0D5-160F-A84D-3F37-3A11570461C1}.Release|Any CPU.ActiveCfg = Release|Any CPU
		{EC82E0D5-160F-A84D-3F37-3A11570461C1}.Release|Any CPU.Build.0 = Release|Any CPU
		{3EBE3DBA-4978-83D4-F250-436D6D227249}.Debug|Any CPU.ActiveCfg = Debug|Any CPU
		{3EBE3DBA-4978-83D4-F250-436D6D227249}.Debug|Any CPU.Build.0 = Debug|Any CPU
		{3EBE3DBA-4978-83D4-F250-436D6D227249}.Release|Any CPU.ActiveCfg = Release|Any CPU
		{3EBE3DBA-4978-83D4-F250-436D6D227249}.Release|Any CPU.Build.0 = Release|Any CPU
		{B0619B50-CF8C-EC19-8896-A3EC769D5711}.Debug|Any CPU.ActiveCfg = Debug|Any CPU
		{B0619B50-CF8C-EC19-8896-A3EC769D5711}.Debug|Any CPU.Build.0 = Debug|Any CPU
		{B0619B50-CF8C-EC19-8896-A3EC769D5711}.Release|Any CPU.ActiveCfg = Release|Any CPU
		{B0619B50-CF8C-EC19-8896-A3EC769D5711}.Release|Any CPU.Build.0 = Release|Any CPU
		{A684A038-A3E6-9A03-F423-D354692B4E7E}.Debug|Any CPU.ActiveCfg = Debug|Any CPU
		{A684A038-A3E6-9A03-F423-D354692B4E7E}.Debug|Any CPU.Build.0 = Debug|Any CPU
		{A684A038-A3E6-9A03-F423-D354692B4E7E}.Release|Any CPU.ActiveCfg = Release|Any CPU
		{A684A038-A3E6-9A03-F423-D354692B4E7E}.Release|Any CPU.Build.0 = Release|Any CPU
		{106ECC02-2E92-A981-281A-AED6680C5AD5}.Debug|Any CPU.ActiveCfg = Debug|Any CPU
		{106ECC02-2E92-A981-281A-AED6680C5AD5}.Debug|Any CPU.Build.0 = Debug|Any CPU
		{106ECC02-2E92-A981-281A-AED6680C5AD5}.Release|Any CPU.ActiveCfg = Release|Any CPU
		{106ECC02-2E92-A981-281A-AED6680C5AD5}.Release|Any CPU.Build.0 = Release|Any CPU
		{F35E3DE0-AD62-6A57-3BB9-50E915957867}.Debug|Any CPU.ActiveCfg = Debug|Any CPU
		{F35E3DE0-AD62-6A57-3BB9-50E915957867}.Debug|Any CPU.Build.0 = Debug|Any CPU
		{F35E3DE0-AD62-6A57-3BB9-50E915957867}.Release|Any CPU.ActiveCfg = Release|Any CPU
		{F35E3DE0-AD62-6A57-3BB9-50E915957867}.Release|Any CPU.Build.0 = Release|Any CPU
		{7FA36560-5D05-4CE9-9730-AEDF8FA1ECDC}.Debug|Any CPU.ActiveCfg = Debug|Any CPU
		{7FA36560-5D05-4CE9-9730-AEDF8FA1ECDC}.Debug|Any CPU.Build.0 = Debug|Any CPU
		{7FA36560-5D05-4CE9-9730-AEDF8FA1ECDC}.Release|Any CPU.ActiveCfg = Release|Any CPU
		{7FA36560-5D05-4CE9-9730-AEDF8FA1ECDC}.Release|Any CPU.Build.0 = Release|Any CPU
		{2A632B7A-2148-434F-928A-9CEA54A239AB}.Debug|Any CPU.ActiveCfg = Debug|Any CPU
		{2A632B7A-2148-434F-928A-9CEA54A239AB}.Debug|Any CPU.Build.0 = Debug|Any CPU
		{2A632B7A-2148-434F-928A-9CEA54A239AB}.Release|Any CPU.ActiveCfg = Release|Any CPU
		{2A632B7A-2148-434F-928A-9CEA54A239AB}.Release|Any CPU.Build.0 = Release|Any CPU
		{32C1590C-B6C6-1178-0378-07CA91C0B61E}.Debug|Any CPU.ActiveCfg = Debug|Any CPU
		{32C1590C-B6C6-1178-0378-07CA91C0B61E}.Debug|Any CPU.Build.0 = Debug|Any CPU
		{32C1590C-B6C6-1178-0378-07CA91C0B61E}.Release|Any CPU.ActiveCfg = Release|Any CPU
		{32C1590C-B6C6-1178-0378-07CA91C0B61E}.Release|Any CPU.Build.0 = Release|Any CPU
		{A71367DE-7044-4F06-D136-96A15F35297B}.Debug|Any CPU.ActiveCfg = Debug|Any CPU
		{A71367DE-7044-4F06-D136-96A15F35297B}.Debug|Any CPU.Build.0 = Debug|Any CPU
		{A71367DE-7044-4F06-D136-96A15F35297B}.Release|Any CPU.ActiveCfg = Release|Any CPU
		{A71367DE-7044-4F06-D136-96A15F35297B}.Release|Any CPU.Build.0 = Release|Any CPU
		{ACCC9FE6-D591-4DC4-1223-69B48B80D977}.Debug|Any CPU.ActiveCfg = Debug|Any CPU
		{ACCC9FE6-D591-4DC4-1223-69B48B80D977}.Debug|Any CPU.Build.0 = Debug|Any CPU
		{ACCC9FE6-D591-4DC4-1223-69B48B80D977}.Release|Any CPU.ActiveCfg = Release|Any CPU
		{ACCC9FE6-D591-4DC4-1223-69B48B80D977}.Release|Any CPU.Build.0 = Release|Any CPU
		{0F60753D-3849-29F8-6063-B7E5ADE4395C}.Debug|Any CPU.ActiveCfg = Debug|Any CPU
		{0F60753D-3849-29F8-6063-B7E5ADE4395C}.Debug|Any CPU.Build.0 = Debug|Any CPU
		{0F60753D-3849-29F8-6063-B7E5ADE4395C}.Release|Any CPU.ActiveCfg = Release|Any CPU
		{0F60753D-3849-29F8-6063-B7E5ADE4395C}.Release|Any CPU.Build.0 = Release|Any CPU
		{88D8A13D-DC98-E81F-B325-BC4A7509EC47}.Debug|Any CPU.ActiveCfg = Debug|Any CPU
		{88D8A13D-DC98-E81F-B325-BC4A7509EC47}.Debug|Any CPU.Build.0 = Debug|Any CPU
		{88D8A13D-DC98-E81F-B325-BC4A7509EC47}.Release|Any CPU.ActiveCfg = Release|Any CPU
		{88D8A13D-DC98-E81F-B325-BC4A7509EC47}.Release|Any CPU.Build.0 = Release|Any CPU
		{189284EF-05DE-ED39-4382-62FF1A094ED5}.Debug|Any CPU.ActiveCfg = Debug|Any CPU
		{189284EF-05DE-ED39-4382-62FF1A094ED5}.Debug|Any CPU.Build.0 = Debug|Any CPU
		{189284EF-05DE-ED39-4382-62FF1A094ED5}.Release|Any CPU.ActiveCfg = Release|Any CPU
		{189284EF-05DE-ED39-4382-62FF1A094ED5}.Release|Any CPU.Build.0 = Release|Any CPU
		{6D9D66BA-2598-B50D-5581-8C00FA6DC307}.Debug|Any CPU.ActiveCfg = Debug|Any CPU
		{6D9D66BA-2598-B50D-5581-8C00FA6DC307}.Debug|Any CPU.Build.0 = Debug|Any CPU
		{6D9D66BA-2598-B50D-5581-8C00FA6DC307}.Release|Any CPU.ActiveCfg = Release|Any CPU
		{6D9D66BA-2598-B50D-5581-8C00FA6DC307}.Release|Any CPU.Build.0 = Release|Any CPU
		{5DB0AEBD-74F5-9A6B-433F-3D4F30BE6728}.Debug|Any CPU.ActiveCfg = Debug|Any CPU
		{5DB0AEBD-74F5-9A6B-433F-3D4F30BE6728}.Debug|Any CPU.Build.0 = Debug|Any CPU
		{5DB0AEBD-74F5-9A6B-433F-3D4F30BE6728}.Release|Any CPU.ActiveCfg = Release|Any CPU
		{5DB0AEBD-74F5-9A6B-433F-3D4F30BE6728}.Release|Any CPU.Build.0 = Release|Any CPU
		{A4B106C8-745C-A0A9-26AB-BB6100602BD4}.Debug|Any CPU.ActiveCfg = Debug|Any CPU
		{A4B106C8-745C-A0A9-26AB-BB6100602BD4}.Debug|Any CPU.Build.0 = Debug|Any CPU
		{A4B106C8-745C-A0A9-26AB-BB6100602BD4}.Release|Any CPU.ActiveCfg = Release|Any CPU
		{A4B106C8-745C-A0A9-26AB-BB6100602BD4}.Release|Any CPU.Build.0 = Release|Any CPU
		{9B643F75-ECA4-DE34-7FB5-56EABED07F69}.Debug|Any CPU.ActiveCfg = Debug|Any CPU
		{9B643F75-ECA4-DE34-7FB5-56EABED07F69}.Debug|Any CPU.Build.0 = Debug|Any CPU
		{9B643F75-ECA4-DE34-7FB5-56EABED07F69}.Release|Any CPU.ActiveCfg = Release|Any CPU
		{9B643F75-ECA4-DE34-7FB5-56EABED07F69}.Release|Any CPU.Build.0 = Release|Any CPU
		{57F3D77F-1E7A-CC8E-140D-BE10D4C58842}.Debug|Any CPU.ActiveCfg = Debug|Any CPU
		{57F3D77F-1E7A-CC8E-140D-BE10D4C58842}.Debug|Any CPU.Build.0 = Debug|Any CPU
		{57F3D77F-1E7A-CC8E-140D-BE10D4C58842}.Release|Any CPU.ActiveCfg = Release|Any CPU
		{57F3D77F-1E7A-CC8E-140D-BE10D4C58842}.Release|Any CPU.Build.0 = Release|Any CPU
		{BA647C57-3FFC-8DE6-73D9-71053E3AC84F}.Debug|Any CPU.ActiveCfg = Debug|Any CPU
		{BA647C57-3FFC-8DE6-73D9-71053E3AC84F}.Debug|Any CPU.Build.0 = Debug|Any CPU
		{BA647C57-3FFC-8DE6-73D9-71053E3AC84F}.Release|Any CPU.ActiveCfg = Release|Any CPU
		{BA647C57-3FFC-8DE6-73D9-71053E3AC84F}.Release|Any CPU.Build.0 = Release|Any CPU
		{3E3C73C5-1EFA-F7F9-ADDA-5F829120A122}.Debug|Any CPU.ActiveCfg = Debug|Any CPU
		{3E3C73C5-1EFA-F7F9-ADDA-5F829120A122}.Debug|Any CPU.Build.0 = Debug|Any CPU
		{3E3C73C5-1EFA-F7F9-ADDA-5F829120A122}.Release|Any CPU.ActiveCfg = Release|Any CPU
		{3E3C73C5-1EFA-F7F9-ADDA-5F829120A122}.Release|Any CPU.Build.0 = Release|Any CPU
		{8D53ABBB-35EB-2B3E-29F4-BB62472C489F}.Debug|Any CPU.ActiveCfg = Debug|Any CPU
		{8D53ABBB-35EB-2B3E-29F4-BB62472C489F}.Debug|Any CPU.Build.0 = Debug|Any CPU
		{8D53ABBB-35EB-2B3E-29F4-BB62472C489F}.Release|Any CPU.ActiveCfg = Release|Any CPU
		{8D53ABBB-35EB-2B3E-29F4-BB62472C489F}.Release|Any CPU.Build.0 = Release|Any CPU
		{12E1D279-96D8-0281-8D0E-150B960D229C}.Debug|Any CPU.ActiveCfg = Debug|Any CPU
		{12E1D279-96D8-0281-8D0E-150B960D229C}.Debug|Any CPU.Build.0 = Debug|Any CPU
		{12E1D279-96D8-0281-8D0E-150B960D229C}.Release|Any CPU.ActiveCfg = Release|Any CPU
		{12E1D279-96D8-0281-8D0E-150B960D229C}.Release|Any CPU.Build.0 = Release|Any CPU
		{C05F1AF8-B4AA-BF73-51F9-20094FEE0F32}.Debug|Any CPU.ActiveCfg = Debug|Any CPU
		{C05F1AF8-B4AA-BF73-51F9-20094FEE0F32}.Debug|Any CPU.Build.0 = Debug|Any CPU
		{C05F1AF8-B4AA-BF73-51F9-20094FEE0F32}.Release|Any CPU.ActiveCfg = Release|Any CPU
		{C05F1AF8-B4AA-BF73-51F9-20094FEE0F32}.Release|Any CPU.Build.0 = Release|Any CPU
	EndGlobalSection
	GlobalSection(SolutionProperties) = preSolution
		HideSolutionNode = FALSE
	EndGlobalSection
EndGlobal
